
Microsoft Visual Studio Solution File, Format Version 12.00
# Visual Studio Version 16
VisualStudioVersion = 16.0.30225.117
MinimumVisualStudioVersion = 10.0.40219.1
Project("{FAE04EC0-301F-11D3-BF4B-00C04F79EFBC}") = "BinarySearch", "BinarySearch\BinarySearch.csproj", "{2134623D-408A-4EA7-803E-3233EC793C34}"
EndProject
Global
	GlobalSection(SolutionConfigurationPlatforms) = preSolution
		Debug|Any CPU = Debug|Any CPU
		Release|Any CPU = Release|Any CPU
	EndGlobalSection
	GlobalSection(ProjectConfigurationPlatforms) = postSolution
		{2134623D-408A-4EA7-803E-3233EC793C34}.Debug|Any CPU.ActiveCfg = Debug|Any CPU
		{2134623D-408A-4EA7-803E-3233EC793C34}.Debug|Any CPU.Build.0 = Debug|Any CPU
		{2134623D-408A-4EA7-803E-3233EC793C34}.Release|Any CPU.ActiveCfg = Release|Any CPU
		{2134623D-408A-4EA7-803E-3233EC793C34}.Release|Any CPU.Build.0 = Release|Any CPU
	EndGlobalSection
	GlobalSection(SolutionProperties) = preSolution
		HideSolutionNode = FALSE
	EndGlobalSection
	GlobalSection(ExtensibilityGlobals) = postSolution
		SolutionGuid = {1A3C0D0C-0411-4A59-9FA4-FBF46D0BC622}
	EndGlobalSection
EndGlobal
