
Microsoft Visual Studio Solution File, Format Version 12.00
# Visual Studio Version 16
VisualStudioVersion = 16.0.30225.117
MinimumVisualStudioVersion = 10.0.40219.1
Project("{9A19103F-16F7-4668-BE54-9A1E7A4F7556}") = "KMP", "KMP\KMP.csproj", "{C62C0777-5F9A-4EB5-9774-EAA9872B2646}"
EndProject
Project("{9A19103F-16F7-4668-BE54-9A1E7A4F7556}") = "StringHashing", "StringHashing\StringHashing.csproj", "{D5215255-7088-415E-AE0C-72831C7E62F7}"
EndProject
Project("{FAE04EC0-301F-11D3-BF4B-00C04F79EFBC}") = "ZAlgorithm", "ZAlgorithm\ZAlgorithm.csproj", "{D8CC2555-BC66-4EC0-B54B-CB428433EEFC}"
EndProject
Global
	GlobalSection(SolutionConfigurationPlatforms) = preSolution
		Debug|Any CPU = Debug|Any CPU
		Release|Any CPU = Release|Any CPU
	EndGlobalSection
	GlobalSection(ProjectConfigurationPlatforms) = postSolution
		{C62C0777-5F9A-4EB5-9774-EAA9872B2646}.Debug|Any CPU.ActiveCfg = Debug|Any CPU
		{C62C0777-5F9A-4EB5-9774-EAA9872B2646}.Debug|Any CPU.Build.0 = Debug|Any CPU
		{C62C0777-5F9A-4EB5-9774-EAA9872B2646}.Release|Any CPU.ActiveCfg = Release|Any CPU
		{C62C0777-5F9A-4EB5-9774-EAA9872B2646}.Release|Any CPU.Build.0 = Release|Any CPU
		{D5215255-7088-415E-AE0C-72831C7E62F7}.Debug|Any CPU.ActiveCfg = Debug|Any CPU
		{D5215255-7088-415E-AE0C-72831C7E62F7}.Debug|Any CPU.Build.0 = Debug|Any CPU
		{D5215255-7088-415E-AE0C-72831C7E62F7}.Release|Any CPU.ActiveCfg = Release|Any CPU
		{D5215255-7088-415E-AE0C-72831C7E62F7}.Release|Any CPU.Build.0 = Release|Any CPU
		{D8CC2555-BC66-4EC0-B54B-CB428433EEFC}.Debug|Any CPU.ActiveCfg = Debug|Any CPU
		{D8CC2555-BC66-4EC0-B54B-CB428433EEFC}.Debug|Any CPU.Build.0 = Debug|Any CPU
		{D8CC2555-BC66-4EC0-B54B-CB428433EEFC}.Release|Any CPU.ActiveCfg = Release|Any CPU
		{D8CC2555-BC66-4EC0-B54B-CB428433EEFC}.Release|Any CPU.Build.0 = Release|Any CPU
	EndGlobalSection
	GlobalSection(SolutionProperties) = preSolution
		HideSolutionNode = FALSE
	EndGlobalSection
	GlobalSection(ExtensibilityGlobals) = postSolution
		SolutionGuid = {411F4406-BE60-4347-81F3-80F60F1166C2}
	EndGlobalSection
EndGlobal
